
Microsoft Visual Studio Solution File, Format Version 12.00
# Visual Studio Version 16
VisualStudioVersion = 16.0.31702.278
MinimumVisualStudioVersion = 10.0.40219.1
Project("{9A19103F-16F7-4668-BE54-9A1E7A4F7556}") = "ModalDialog", "ModalDialog\ModalDialog.csproj", "{2DFDBA4C-D968-40D4-8B37-64B3489C84F1}"
EndProject
Project("{9A19103F-16F7-4668-BE54-9A1E7A4F7556}") = "MyComponents", "MyComponents\MyComponents.csproj", "{6A76D97C-B1E3-4E6D-BA81-C7AB1F1AE350}"
EndProject
Project("{9A19103F-16F7-4668-BE54-9A1E7A4F7556}") = "LocalStorage", "LocalStorage\LocalStorage.csproj", "{5C21BAA5-AB31-4921-9D6D-6F43DB2D0087}"
EndProject
Project("{FAE04EC0-301F-11D3-BF4B-00C04F79EFBC}") = "WeatherForecast", "WeatherForecast\WeatherForecast.csproj", "{1EB1A7DF-C464-4873-A359-28019E1E8671}"
EndProject
Global
	GlobalSection(SolutionConfigurationPlatforms) = preSolution
		Debug|Any CPU = Debug|Any CPU
		Release|Any CPU = Release|Any CPU
	EndGlobalSection
	GlobalSection(ProjectConfigurationPlatforms) = postSolution
		{2DFDBA4C-D968-40D4-8B37-64B3489C84F1}.Debug|Any CPU.ActiveCfg = Debug|Any CPU
		{2DFDBA4C-D968-40D4-8B37-64B3489C84F1}.Debug|Any CPU.Build.0 = Debug|Any CPU
		{2DFDBA4C-D968-40D4-8B37-64B3489C84F1}.Release|Any CPU.ActiveCfg = Release|Any CPU
		{2DFDBA4C-D968-40D4-8B37-64B3489C84F1}.Release|Any CPU.Build.0 = Release|Any CPU
		{6A76D97C-B1E3-4E6D-BA81-C7AB1F1AE350}.Debug|Any CPU.ActiveCfg = Debug|Any CPU
		{6A76D97C-B1E3-4E6D-BA81-C7AB1F1AE350}.Debug|Any CPU.Build.0 = Debug|Any CPU
		{6A76D97C-B1E3-4E6D-BA81-C7AB1F1AE350}.Release|Any CPU.ActiveCfg = Release|Any CPU
		{6A76D97C-B1E3-4E6D-BA81-C7AB1F1AE350}.Release|Any CPU.Build.0 = Release|Any CPU
		{5C21BAA5-AB31-4921-9D6D-6F43DB2D0087}.Debug|Any CPU.ActiveCfg = Debug|Any CPU
		{5C21BAA5-AB31-4921-9D6D-6F43DB2D0087}.Debug|Any CPU.Build.0 = Debug|Any CPU
		{5C21BAA5-AB31-4921-9D6D-6F43DB2D0087}.Release|Any CPU.ActiveCfg = Release|Any CPU
		{5C21BAA5-AB31-4921-9D6D-6F43DB2D0087}.Release|Any CPU.Build.0 = Release|Any CPU
		{1EB1A7DF-C464-4873-A359-28019E1E8671}.Debug|Any CPU.ActiveCfg = Debug|Any CPU
		{1EB1A7DF-C464-4873-A359-28019E1E8671}.Debug|Any CPU.Build.0 = Debug|Any CPU
		{1EB1A7DF-C464-4873-A359-28019E1E8671}.Release|Any CPU.ActiveCfg = Release|Any CPU
		{1EB1A7DF-C464-4873-A359-28019E1E8671}.Release|Any CPU.Build.0 = Release|Any CPU
	EndGlobalSection
	GlobalSection(SolutionProperties) = preSolution
		HideSolutionNode = FALSE
	EndGlobalSection
	GlobalSection(ExtensibilityGlobals) = postSolution
		SolutionGuid = {DC2F4630-18F3-4649-BA09-3F20E498C810}
	EndGlobalSection
EndGlobal
